
Microsoft Visual Studio Solution File, Format Version 12.00
# Visual Studio Version 17
VisualStudioVersion = 17.14.36518.9 d17.14
MinimumVisualStudioVersion = 10.0.40219.1
Project("{FAE04EC0-301F-11D3-BF4B-00C04F79EFBC}") = "Calculator", "Calculator\Calculator.csproj", "{8B8BD67A-0C6B-4167-AC6B-2BD0E4F71BD5}"
EndProject
Project("{FAE04EC0-301F-11D3-BF4B-00C04F79EFBC}") = "Calculator.Tests", "Calculator.Tests\Calculator.Tests.csproj", "{D20F94C4-8712-451B-8AE3-32AE50A720EF}"
EndProject
Global
	GlobalSection(SolutionConfigurationPlatforms) = preSolution
		Debug|Any CPU = Debug|Any CPU
		Release|Any CPU = Release|Any CPU
	EndGlobalSection
	GlobalSection(ProjectConfigurationPlatforms) = postSolution
		{8B8BD67A-0C6B-4167-AC6B-2BD0E4F71BD5}.Debug|Any CPU.ActiveCfg = Debug|Any CPU
		{8B8BD67A-0C6B-4167-AC6B-2BD0E4F71BD5}.Debug|Any CPU.Build.0 = Debug|Any CPU
		{8B8BD67A-0C6B-4167-AC6B-2BD0E4F71BD5}.Release|Any CPU.ActiveCfg = Release|Any CPU
		{8B8BD67A-0C6B-4167-AC6B-2BD0E4F71BD5}.Release|Any CPU.Build.0 = Release|Any CPU
		{D20F94C4-8712-451B-8AE3-32AE50A720EF}.Debug|Any CPU.ActiveCfg = Debug|Any CPU
		{D20F94C4-8712-451B-8AE3-32AE50A720EF}.Debug|Any CPU.Build.0 = Debug|Any CPU
		{D20F94C4-8712-451B-8AE3-32AE50A720EF}.Release|Any CPU.ActiveCfg = Release|Any CPU
		{D20F94C4-8712-451B-8AE3-32AE50A720EF}.Release|Any CPU.Build.0 = Release|Any CPU
	EndGlobalSection
	GlobalSection(SolutionProperties) = preSolution
		HideSolutionNode = FALSE
	EndGlobalSection
	GlobalSection(ExtensibilityGlobals) = postSolution
		SolutionGuid = {A1905C1B-E49C-4FFD-9412-AB14672ED52C}
	EndGlobalSection
EndGlobal
